{
  "name": "exercises",
  "lockfileVersion": 3,
  "requires": true,
  "packages": {
    "": {
      "dependencies": {
        "read-line": "^0.1.2",
        "readline-sync": "^1.4.10"
      }
    },
    "node_modules/read-line": {
      "version": "0.1.2",
      "resolved": "https://registry.npmjs.org/read-line/-/read-line-0.1.2.tgz",
      "integrity": "sha512-nvCGsua+3EIxge4GSGHgF4e8VAtLqic9aQZWe7sra2Xk3p6xmzO2oruoJYleIZMLklDV1PGQ1wztUMaNeM9kVw==",
      "engines": {
        "node": ">= 0.10.0"
      }
    },
    "node_modules/readline-sync": {
      "version": "1.4.10",
      "resolved": "https://registry.npmjs.org/readline-sync/-/readline-sync-1.4.10.tgz",
      "integrity": "sha512-gNva8/6UAe8QYepIQH/jQ2qn91Qj0B9sYjMBBs3QOB8F2CXcKgLxQaJRP76sWVRQt+QU+8fAkCbCvjjMFu7Ycw==",
      "engines": {
        "node": ">= 0.8.0"
      }
    }
  }
}
